
Microsoft Visual Studio Solution File, Format Version 12.00
# Visual Studio Version 17
VisualStudioVersion = 17.1.32210.238
MinimumVisualStudioVersion = 10.0.40219.1
Project("{9A19103F-16F7-4668-BE54-9A1E7A4F7556}") = "SkiPass.Hotel", "SkiPass.Hotel\SkiPass.Hotel.csproj", "{A015B621-43DD-4823-88D8-E6AF60BECAE8}"
EndProject
Project("{9A19103F-16F7-4668-BE54-9A1E7A4F7556}") = "SkiPass.Hotel.Data", "SkiPass.Hotel.Data\SkiPass.Hotel.Data.csproj", "{D17A9E09-3D64-470F-BAFE-9ADD2B6CF352}"
EndProject
Global
	GlobalSection(SolutionConfigurationPlatforms) = preSolution
		Debug|Any CPU = Debug|Any CPU
		Release|Any CPU = Release|Any CPU
	EndGlobalSection
	GlobalSection(ProjectConfigurationPlatforms) = postSolution
		{A015B621-43DD-4823-88D8-E6AF60BECAE8}.Debug|Any CPU.ActiveCfg = Debug|Any CPU
		{A015B621-43DD-4823-88D8-E6AF60BECAE8}.Debug|Any CPU.Build.0 = Debug|Any CPU
		{A015B621-43DD-4823-88D8-E6AF60BECAE8}.Release|Any CPU.ActiveCfg = Release|Any CPU
		{A015B621-43DD-4823-88D8-E6AF60BECAE8}.Release|Any CPU.Build.0 = Release|Any CPU
		{D17A9E09-3D64-470F-BAFE-9ADD2B6CF352}.Debug|Any CPU.ActiveCfg = Debug|Any CPU
		{D17A9E09-3D64-470F-BAFE-9ADD2B6CF352}.Debug|Any CPU.Build.0 = Debug|Any CPU
		{D17A9E09-3D64-470F-BAFE-9ADD2B6CF352}.Release|Any CPU.ActiveCfg = Release|Any CPU
		{D17A9E09-3D64-470F-BAFE-9ADD2B6CF352}.Release|Any CPU.Build.0 = Release|Any CPU
	EndGlobalSection
	GlobalSection(SolutionProperties) = preSolution
		HideSolutionNode = FALSE
	EndGlobalSection
	GlobalSection(ExtensibilityGlobals) = postSolution
		SolutionGuid = {079F2CCD-CBBF-4412-8454-790BE925B835}
	EndGlobalSection
EndGlobal
