
Microsoft Visual Studio Solution File, Format Version 12.00
# Visual Studio Version 17
VisualStudioVersion = 17.1.32210.238
MinimumVisualStudioVersion = 10.0.40219.1
Project("{9A19103F-16F7-4668-BE54-9A1E7A4F7556}") = "SkiPass.Education", "SkiPass.Education\SkiPass.Education.csproj", "{36378414-95BB-47D2-AAC6-714546C3D209}"
EndProject
Project("{9A19103F-16F7-4668-BE54-9A1E7A4F7556}") = "SkiPass.Education.Data", "SkiPass.Education.Data\SkiPass.Education.Data.csproj", "{E631A633-6351-4D30-B1CD-D16039FB8D55}"
EndProject
Global
	GlobalSection(SolutionConfigurationPlatforms) = preSolution
		Debug|Any CPU = Debug|Any CPU
		Release|Any CPU = Release|Any CPU
	EndGlobalSection
	GlobalSection(ProjectConfigurationPlatforms) = postSolution
		{36378414-95BB-47D2-AAC6-714546C3D209}.Debug|Any CPU.ActiveCfg = Debug|Any CPU
		{36378414-95BB-47D2-AAC6-714546C3D209}.Debug|Any CPU.Build.0 = Debug|Any CPU
		{36378414-95BB-47D2-AAC6-714546C3D209}.Release|Any CPU.ActiveCfg = Release|Any CPU
		{36378414-95BB-47D2-AAC6-714546C3D209}.Release|Any CPU.Build.0 = Release|Any CPU
		{E631A633-6351-4D30-B1CD-D16039FB8D55}.Debug|Any CPU.ActiveCfg = Debug|Any CPU
		{E631A633-6351-4D30-B1CD-D16039FB8D55}.Debug|Any CPU.Build.0 = Debug|Any CPU
		{E631A633-6351-4D30-B1CD-D16039FB8D55}.Release|Any CPU.ActiveCfg = Release|Any CPU
		{E631A633-6351-4D30-B1CD-D16039FB8D55}.Release|Any CPU.Build.0 = Release|Any CPU
	EndGlobalSection
	GlobalSection(SolutionProperties) = preSolution
		HideSolutionNode = FALSE
	EndGlobalSection
	GlobalSection(ExtensibilityGlobals) = postSolution
		SolutionGuid = {F38833AB-3DE6-4FA5-8892-1A4F71F230BE}
	EndGlobalSection
EndGlobal
